// !$*UTF8*$!
{
	archiveVersion = 1;
	classes = {
	};
	objectVersion = 46;
	objects = {

/* Begin PBXBuildFile section */
		7F3747791D9CA1A20074B3AF /* BasicInformationViewController.swift in Sources */ = {isa = PBXBuildFile; fileRef = 7F3747781D9CA1A20074B3AF /* BasicInformationViewController.swift */; };
		7F37477B1D9CA27C0074B3AF /* FlickrPictureConvenience.swift in Sources */ = {isa = PBXBuildFile; fileRef = 7F37477A1D9CA27C0074B3AF /* FlickrPictureConvenience.swift */; };
		7F5B5AE41D63771B00947736 /* AppDelegate.swift in Sources */ = {isa = PBXBuildFile; fileRef = 7F5B5AE31D63771B00947736 /* AppDelegate.swift */; };
		7F5B5AE61D63771B00947736 /* AllTasksViewController.swift in Sources */ = {isa = PBXBuildFile; fileRef = 7F5B5AE51D63771B00947736 /* AllTasksViewController.swift */; };
		7F5B5AE91D63771B00947736 /* Main.storyboard in Resources */ = {isa = PBXBuildFile; fileRef = 7F5B5AE71D63771B00947736 /* Main.storyboard */; };
		7F5B5AEB1D63771B00947736 /* Assets.xcassets in Resources */ = {isa = PBXBuildFile; fileRef = 7F5B5AEA1D63771B00947736 /* Assets.xcassets */; };
		7F5B5AEE1D63771B00947736 /* LaunchScreen.storyboard in Resources */ = {isa = PBXBuildFile; fileRef = 7F5B5AEC1D63771B00947736 /* LaunchScreen.storyboard */; };
		7F5B5AF91D63771B00947736 /* TaskOutTests.swift in Sources */ = {isa = PBXBuildFile; fileRef = 7F5B5AF81D63771B00947736 /* TaskOutTests.swift */; };
		7F5B5B041D63771B00947736 /* TaskOutUITests.swift in Sources */ = {isa = PBXBuildFile; fileRef = 7F5B5B031D63771B00947736 /* TaskOutUITests.swift */; };
		7F5B5B131D63782700947736 /* TaskManagerModel.xcdatamodeld in Sources */ = {isa = PBXBuildFile; fileRef = 7F5B5B111D63782700947736 /* TaskManagerModel.xcdatamodeld */; };
		7F5B5B1B1D637D7A00947736 /* TaskHeader+CoreDataProperties.swift in Sources */ = {isa = PBXBuildFile; fileRef = 7F5B5B171D637D7A00947736 /* TaskHeader+CoreDataProperties.swift */; };
		7F5B5B1C1D637D7A00947736 /* TaskHeader.swift in Sources */ = {isa = PBXBuildFile; fileRef = 7F5B5B181D637D7A00947736 /* TaskHeader.swift */; };
		7F5B5B1D1D637D7A00947736 /* TaskItem+CoreDataProperties.swift in Sources */ = {isa = PBXBuildFile; fileRef = 7F5B5B191D637D7A00947736 /* TaskItem+CoreDataProperties.swift */; };
		7F5B5B1E1D637D7A00947736 /* TaskItem.swift in Sources */ = {isa = PBXBuildFile; fileRef = 7F5B5B1A1D637D7A00947736 /* TaskItem.swift */; };
		7F5B5B221D63837F00947736 /* CoreDataStack.swift in Sources */ = {isa = PBXBuildFile; fileRef = 7F5B5B211D63837F00947736 /* CoreDataStack.swift */; };
		7F5B5B241D638C6600947736 /* AddItemViewController.swift in Sources */ = {isa = PBXBuildFile; fileRef = 7F5B5B231D638C6600947736 /* AddItemViewController.swift */; };
		7FC704661D6502AD00A1A553 /* AllItemsViewController.swift in Sources */ = {isa = PBXBuildFile; fileRef = 7FC704651D6502AD00A1A553 /* AllItemsViewController.swift */; };
		7FC704681D651F9600A1A553 /* AddItemForHeaderViewController.swift in Sources */ = {isa = PBXBuildFile; fileRef = 7FC704671D651F9600A1A553 /* AddItemForHeaderViewController.swift */; };
/* End PBXBuildFile section */

/* Begin PBXContainerItemProxy section */
		7F5B5AF51D63771B00947736 /* PBXContainerItemProxy */ = {
			isa = PBXContainerItemProxy;
			containerPortal = 7F5B5AD81D63771B00947736 /* Project object */;
			proxyType = 1;
			remoteGlobalIDString = 7F5B5ADF1D63771B00947736;
			remoteInfo = TaskOut;
		};
		7F5B5B001D63771B00947736 /* PBXContainerItemProxy */ = {
			isa = PBXContainerItemProxy;
			containerPortal = 7F5B5AD81D63771B00947736 /* Project object */;
			proxyType = 1;
			remoteGlobalIDString = 7F5B5ADF1D63771B00947736;
			remoteInfo = TaskOut;
		};
/* End PBXContainerItemProxy section */

/* Begin PBXFileReference section */
		7F3747781D9CA1A20074B3AF /* BasicInformationViewController.swift */ = {isa = PBXFileReference; fileEncoding = 4; lastKnownFileType = sourcecode.swift; path = BasicInformationViewController.swift; sourceTree = "<group>"; };
		7F37477A1D9CA27C0074B3AF /* FlickrPictureConvenience.swift */ = {isa = PBXFileReference; fileEncoding = 4; lastKnownFileType = sourcecode.swift; path = FlickrPictureConvenience.swift; sourceTree = "<group>"; };
		7F5B5AE01D63771B00947736 /* TaskOut.app */ = {isa = PBXFileReference; explicitFileType = wrapper.application; includeInIndex = 0; path = TaskOut.app; sourceTree = BUILT_PRODUCTS_DIR; };
		7F5B5AE31D63771B00947736 /* AppDelegate.swift */ = {isa = PBXFileReference; lastKnownFileType = sourcecode.swift; path = AppDelegate.swift; sourceTree = "<group>"; };
		7F5B5AE51D63771B00947736 /* AllTasksViewController.swift */ = {isa = PBXFileReference; lastKnownFileType = sourcecode.swift; path = AllTasksViewController.swift; sourceTree = "<group>"; };
		7F5B5AE81D63771B00947736 /* Base */ = {isa = PBXFileReference; lastKnownFileType = file.storyboard; name = Base; path = Base.lproj/Main.storyboard; sourceTree = "<group>"; };
		7F5B5AEA1D63771B00947736 /* Assets.xcassets */ = {isa = PBXFileReference; lastKnownFileType = folder.assetcatalog; path = Assets.xcassets; sourceTree = "<group>"; };
		7F5B5AED1D63771B00947736 /* Base */ = {isa = PBXFileReference; lastKnownFileType = file.storyboard; name = Base; path = Base.lproj/LaunchScreen.storyboard; sourceTree = "<group>"; };
		7F5B5AEF1D63771B00947736 /* Info.plist */ = {isa = PBXFileReference; lastKnownFileType = text.plist.xml; path = Info.plist; sourceTree = "<group>"; };
		7F5B5AF41D63771B00947736 /* TaskOutTests.xctest */ = {isa = PBXFileReference; explicitFileType = wrapper.cfbundle; includeInIndex = 0; path = TaskOutTests.xctest; sourceTree = BUILT_PRODUCTS_DIR; };
		7F5B5AF81D63771B00947736 /* TaskOutTests.swift */ = {isa = PBXFileReference; lastKnownFileType = sourcecode.swift; path = TaskOutTests.swift; sourceTree = "<group>"; };
		7F5B5AFA1D63771B00947736 /* Info.plist */ = {isa = PBXFileReference; lastKnownFileType = text.plist.xml; path = Info.plist; sourceTree = "<group>"; };
		7F5B5AFF1D63771B00947736 /* TaskOutUITests.xctest */ = {isa = PBXFileReference; explicitFileType = wrapper.cfbundle; includeInIndex = 0; path = TaskOutUITests.xctest; sourceTree = BUILT_PRODUCTS_DIR; };
		7F5B5B031D63771B00947736 /* TaskOutUITests.swift */ = {isa = PBXFileReference; lastKnownFileType = sourcecode.swift; path = TaskOutUITests.swift; sourceTree = "<group>"; };
		7F5B5B051D63771B00947736 /* Info.plist */ = {isa = PBXFileReference; lastKnownFileType = text.plist.xml; path = Info.plist; sourceTree = "<group>"; };
		7F5B5B121D63782700947736 /* TaskManagerModel.xcdatamodel */ = {isa = PBXFileReference; lastKnownFileType = wrapper.xcdatamodel; path = TaskManagerModel.xcdatamodel; sourceTree = "<group>"; };
		7F5B5B171D637D7A00947736 /* TaskHeader+CoreDataProperties.swift */ = {isa = PBXFileReference; fileEncoding = 4; lastKnownFileType = sourcecode.swift; name = "TaskHeader+CoreDataProperties.swift"; path = "../TaskHeader+CoreDataProperties.swift"; sourceTree = "<group>"; };
		7F5B5B181D637D7A00947736 /* TaskHeader.swift */ = {isa = PBXFileReference; fileEncoding = 4; lastKnownFileType = sourcecode.swift; name = TaskHeader.swift; path = ../TaskHeader.swift; sourceTree = "<group>"; };
		7F5B5B191D637D7A00947736 /* TaskItem+CoreDataProperties.swift */ = {isa = PBXFileReference; fileEncoding = 4; lastKnownFileType = sourcecode.swift; name = "TaskItem+CoreDataProperties.swift"; path = "../TaskItem+CoreDataProperties.swift"; sourceTree = "<group>"; };
		7F5B5B1A1D637D7A00947736 /* TaskItem.swift */ = {isa = PBXFileReference; fileEncoding = 4; lastKnownFileType = sourcecode.swift; name = TaskItem.swift; path = ../TaskItem.swift; sourceTree = "<group>"; };
		7F5B5B211D63837F00947736 /* CoreDataStack.swift */ = {isa = PBXFileReference; fileEncoding = 4; lastKnownFileType = sourcecode.swift; path = CoreDataStack.swift; sourceTree = "<group>"; };
		7F5B5B231D638C6600947736 /* AddItemViewController.swift */ = {isa = PBXFileReference; fileEncoding = 4; lastKnownFileType = sourcecode.swift; path = AddItemViewController.swift; sourceTree = "<group>"; };
		7FC704651D6502AD00A1A553 /* AllItemsViewController.swift */ = {isa = PBXFileReference; fileEncoding = 4; lastKnownFileType = sourcecode.swift; path = AllItemsViewController.swift; sourceTree = "<group>"; };
		7FC704671D651F9600A1A553 /* AddItemForHeaderViewController.swift */ = {isa = PBXFileReference; fileEncoding = 4; lastKnownFileType = sourcecode.swift; path = AddItemForHeaderViewController.swift; sourceTree = "<group>"; };
/* End PBXFileReference section */

/* Begin PBXFrameworksBuildPhase section */
		7F5B5ADD1D63771B00947736 /* Frameworks */ = {
			isa = PBXFrameworksBuildPhase;
			buildActionMask = 2147483647;
			files = (
			);
			runOnlyForDeploymentPostprocessing = 0;
		};
		7F5B5AF11D63771B00947736 /* Frameworks */ = {
			isa = PBXFrameworksBuildPhase;
			buildActionMask = 2147483647;
			files = (
			);
			runOnlyForDeploymentPostprocessing = 0;
		};
		7F5B5AFC1D63771B00947736 /* Frameworks */ = {
			isa = PBXFrameworksBuildPhase;
			buildActionMask = 2147483647;
			files = (
			);
			runOnlyForDeploymentPostprocessing = 0;
		};
/* End PBXFrameworksBuildPhase section */

/* Begin PBXGroup section */
		7F5B5AD71D63771B00947736 = {
			isa = PBXGroup;
			children = (
				7F5B5AE21D63771B00947736 /* TaskOut */,
				7F5B5AF71D63771B00947736 /* TaskOutTests */,
				7F5B5B021D63771B00947736 /* TaskOutUITests */,
				7F5B5AE11D63771B00947736 /* Products */,
			);
			sourceTree = "<group>";
		};
		7F5B5AE11D63771B00947736 /* Products */ = {
			isa = PBXGroup;
			children = (
				7F5B5AE01D63771B00947736 /* TaskOut.app */,
				7F5B5AF41D63771B00947736 /* TaskOutTests.xctest */,
				7F5B5AFF1D63771B00947736 /* TaskOutUITests.xctest */,
			);
			name = Products;
			sourceTree = "<group>";
		};
		7F5B5AE21D63771B00947736 /* TaskOut */ = {
			isa = PBXGroup;
			children = (
				7F5B5B161D637D1000947736 /* Controller */,
				7F5B5B151D637D0B00947736 /* View */,
				7F5B5B141D637D0500947736 /* Model */,
				7F5B5AE31D63771B00947736 /* AppDelegate.swift */,
				7F5B5AEA1D63771B00947736 /* Assets.xcassets */,
				7F5B5AEF1D63771B00947736 /* Info.plist */,
			);
			path = TaskOut;
			sourceTree = "<group>";
		};
		7F5B5AF71D63771B00947736 /* TaskOutTests */ = {
			isa = PBXGroup;
			children = (
				7F5B5AF81D63771B00947736 /* TaskOutTests.swift */,
				7F5B5AFA1D63771B00947736 /* Info.plist */,
			);
			path = TaskOutTests;
			sourceTree = "<group>";
		};
		7F5B5B021D63771B00947736 /* TaskOutUITests */ = {
			isa = PBXGroup;
			children = (
				7F5B5B031D63771B00947736 /* TaskOutUITests.swift */,
				7F5B5B051D63771B00947736 /* Info.plist */,
			);
			path = TaskOutUITests;
			sourceTree = "<group>";
		};
		7F5B5B141D637D0500947736 /* Model */ = {
			isa = PBXGroup;
			children = (
				7F5B5B111D63782700947736 /* TaskManagerModel.xcdatamodeld */,
				7F5B5B171D637D7A00947736 /* TaskHeader+CoreDataProperties.swift */,
				7F5B5B181D637D7A00947736 /* TaskHeader.swift */,
				7F5B5B191D637D7A00947736 /* TaskItem+CoreDataProperties.swift */,
				7F5B5B1A1D637D7A00947736 /* TaskItem.swift */,
				7F5B5B211D63837F00947736 /* CoreDataStack.swift */,
				7F37477A1D9CA27C0074B3AF /* FlickrPictureConvenience.swift */,
			);
			name = Model;
			sourceTree = "<group>";
		};
		7F5B5B151D637D0B00947736 /* View */ = {
			isa = PBXGroup;
			children = (
				7F5B5AEC1D63771B00947736 /* LaunchScreen.storyboard */,
				7F5B5AE71D63771B00947736 /* Main.storyboard */,
			);
			name = View;
			sourceTree = "<group>";
		};
		7F5B5B161D637D1000947736 /* Controller */ = {
			isa = PBXGroup;
			children = (
				7F5B5AE51D63771B00947736 /* AllTasksViewController.swift */,
				7F5B5B231D638C6600947736 /* AddItemViewController.swift */,
				7FC704651D6502AD00A1A553 /* AllItemsViewController.swift */,
				7FC704671D651F9600A1A553 /* AddItemForHeaderViewController.swift */,
				7F3747781D9CA1A20074B3AF /* BasicInformationViewController.swift */,
			);
			name = Controller;
			sourceTree = "<group>";
		};
/* End PBXGroup section */

/* Begin PBXNativeTarget section */
		7F5B5ADF1D63771B00947736 /* TaskOut */ = {
			isa = PBXNativeTarget;
			buildConfigurationList = 7F5B5B081D63771B00947736 /* Build configuration list for PBXNativeTarget "TaskOut" */;
			buildPhases = (
				7F5B5ADC1D63771B00947736 /* Sources */,
				7F5B5ADD1D63771B00947736 /* Frameworks */,
				7F5B5ADE1D63771B00947736 /* Resources */,
			);
			buildRules = (
			);
			dependencies = (
			);
			name = TaskOut;
			productName = TaskOut;
			productReference = 7F5B5AE01D63771B00947736 /* TaskOut.app */;
			productType = "com.apple.product-type.application";
		};
		7F5B5AF31D63771B00947736 /* TaskOutTests */ = {
			isa = PBXNativeTarget;
			buildConfigurationList = 7F5B5B0B1D63771B00947736 /* Build configuration list for PBXNativeTarget "TaskOutTests" */;
			buildPhases = (
				7F5B5AF01D63771B00947736 /* Sources */,
				7F5B5AF11D63771B00947736 /* Frameworks */,
				7F5B5AF21D63771B00947736 /* Resources */,
			);
			buildRules = (
			);
			dependencies = (
				7F5B5AF61D63771B00947736 /* PBXTargetDependency */,
			);
			name = TaskOutTests;
			productName = TaskOutTests;
			productReference = 7F5B5AF41D63771B00947736 /* TaskOutTests.xctest */;
			productType = "com.apple.product-type.bundle.unit-test";
		};
		7F5B5AFE1D63771B00947736 /* TaskOutUITests */ = {
			isa = PBXNativeTarget;
			buildConfigurationList = 7F5B5B0E1D63771B00947736 /* Build configuration list for PBXNativeTarget "TaskOutUITests" */;
			buildPhases = (
				7F5B5AFB1D63771B00947736 /* Sources */,
				7F5B5AFC1D63771B00947736 /* Frameworks */,
				7F5B5AFD1D63771B00947736 /* Resources */,
			);
			buildRules = (
			);
			dependencies = (
				7F5B5B011D63771B00947736 /* PBXTargetDependency */,
			);
			name = TaskOutUITests;
			productName = TaskOutUITests;
			productReference = 7F5B5AFF1D63771B00947736 /* TaskOutUITests.xctest */;
			productType = "com.apple.product-type.bundle.ui-testing";
		};
/* End PBXNativeTarget section */

/* Begin PBXProject section */
		7F5B5AD81D63771B00947736 /* Project object */ = {
			isa = PBXProject;
			attributes = {
				LastSwiftUpdateCheck = 0730;
				LastUpgradeCheck = 0730;
				ORGANIZATIONNAME = "RW Software";
				TargetAttributes = {
					7F5B5ADF1D63771B00947736 = {
						CreatedOnToolsVersion = 7.3;
					};
					7F5B5AF31D63771B00947736 = {
						CreatedOnToolsVersion = 7.3;
						TestTargetID = 7F5B5ADF1D63771B00947736;
					};
					7F5B5AFE1D63771B00947736 = {
						CreatedOnToolsVersion = 7.3;
						TestTargetID = 7F5B5ADF1D63771B00947736;
					};
				};
			};
			buildConfigurationList = 7F5B5ADB1D63771B00947736 /* Build configuration list for PBXProject "TaskOut" */;
			compatibilityVersion = "Xcode 3.2";
			developmentRegion = English;
			hasScannedForEncodings = 0;
			knownRegions = (
				en,
				Base,
			);
			mainGroup = 7F5B5AD71D63771B00947736;
			productRefGroup = 7F5B5AE11D63771B00947736 /* Products */;
			projectDirPath = "";
			projectRoot = "";
			targets = (
				7F5B5ADF1D63771B00947736 /* TaskOut */,
				7F5B5AF31D63771B00947736 /* TaskOutTests */,
				7F5B5AFE1D63771B00947736 /* TaskOutUITests */,
			);
		};
/* End PBXProject section */

/* Begin PBXResourcesBuildPhase section */
		7F5B5ADE1D63771B00947736 /* Resources */ = {
			isa = PBXResourcesBuildPhase;
			buildActionMask = 2147483647;
			files = (
				7F5B5AEE1D63771B00947736 /* LaunchScreen.storyboard in Resources */,
				7F5B5AEB1D63771B00947736 /* Assets.xcassets in Resources */,
				7F5B5AE91D63771B00947736 /* Main.storyboard in Resources */,
			);
			runOnlyForDeploymentPostprocessing = 0;
		};
		7F5B5AF21D63771B00947736 /* Resources */ = {
			isa = PBXResourcesBuildPhase;
			buildActionMask = 2147483647;
			files = (
			);
			runOnlyForDeploymentPostprocessing = 0;
		};
		7F5B5AFD1D63771B00947736 /* Resources */ = {
			isa = PBXResourcesBuildPhase;
			buildActionMask = 2147483647;
			files = (
			);
			runOnlyForDeploymentPostprocessing = 0;
		};
/* End PBXResourcesBuildPhase section */

/* Begin PBXSourcesBuildPhase section */
		7F5B5ADC1D63771B00947736 /* Sources */ = {
			isa = PBXSourcesBuildPhase;
			buildActionMask = 2147483647;
			files = (
				7FC704681D651F9600A1A553 /* AddItemForHeaderViewController.swift in Sources */,
				7F5B5B131D63782700947736 /* TaskManagerModel.xcdatamodeld in Sources */,
				7F3747791D9CA1A20074B3AF /* BasicInformationViewController.swift in Sources */,
				7F5B5B1C1D637D7A00947736 /* TaskHeader.swift in Sources */,
				7F5B5B1B1D637D7A00947736 /* TaskHeader+CoreDataProperties.swift in Sources */,
				7F37477B1D9CA27C0074B3AF /* FlickrPictureConvenience.swift in Sources */,
				7F5B5AE61D63771B00947736 /* AllTasksViewController.swift in Sources */,
				7F5B5AE41D63771B00947736 /* AppDelegate.swift in Sources */,
				7F5B5B241D638C6600947736 /* AddItemViewController.swift in Sources */,
				7F5B5B1D1D637D7A00947736 /* TaskItem+CoreDataProperties.swift in Sources */,
				7F5B5B1E1D637D7A00947736 /* TaskItem.swift in Sources */,
				7F5B5B221D63837F00947736 /* CoreDataStack.swift in Sources */,
				7FC704661D6502AD00A1A553 /* AllItemsViewController.swift in Sources */,
			);
			runOnlyForDeploymentPostprocessing = 0;
		};
		7F5B5AF01D63771B00947736 /* Sources */ = {
			isa = PBXSourcesBuildPhase;
			buildActionMask = 2147483647;
			files = (
				7F5B5AF91D63771B00947736 /* TaskOutTests.swift in Sources */,
			);
			runOnlyForDeploymentPostprocessing = 0;
		};
		7F5B5AFB1D63771B00947736 /* Sources */ = {
			isa = PBXSourcesBuildPhase;
			buildActionMask = 2147483647;
			files = (
				7F5B5B041D63771B00947736 /* TaskOutUITests.swift in Sources */,
			);
			runOnlyForDeploymentPostprocessing = 0;
		};
/* End PBXSourcesBuildPhase section */

/* Begin PBXTargetDependency section */
		7F5B5AF61D63771B00947736 /* PBXTargetDependency */ = {
			isa = PBXTargetDependency;
			target = 7F5B5ADF1D63771B00947736 /* TaskOut */;
			targetProxy = 7F5B5AF51D63771B00947736 /* PBXContainerItemProxy */;
		};
		7F5B5B011D63771B00947736 /* PBXTargetDependency */ = {
			isa = PBXTargetDependency;
			target = 7F5B5ADF1D63771B00947736 /* TaskOut */;
			targetProxy = 7F5B5B001D63771B00947736 /* PBXContainerItemProxy */;
		};
/* End PBXTargetDependency section */

/* Begin PBXVariantGroup section */
		7F5B5AE71D63771B00947736 /* Main.storyboard */ = {
			isa = PBXVariantGroup;
			children = (
				7F5B5AE81D63771B00947736 /* Base */,
			);
			name = Main.storyboard;
			sourceTree = "<group>";
		};
		7F5B5AEC1D63771B00947736 /* LaunchScreen.storyboard */ = {
			isa = PBXVariantGroup;
			children = (
				7F5B5AED1D63771B00947736 /* Base */,
			);
			name = LaunchScreen.storyboard;
			sourceTree = "<group>";
		};
/* End PBXVariantGroup section */

/* Begin XCBuildConfiguration section */
		7F5B5B061D63771B00947736 /* Debug */ = {
			isa = XCBuildConfiguration;
			buildSettings = {
				ALWAYS_SEARCH_USER_PATHS = NO;
				CLANG_ANALYZER_NONNULL = YES;
				CLANG_CXX_LANGUAGE_STANDARD = "gnu++0x";
				CLANG_CXX_LIBRARY = "libc++";
				CLANG_ENABLE_MODULES = YES;
				CLANG_ENABLE_OBJC_ARC = YES;
				CLANG_WARN_BOOL_CONVERSION = YES;
				CLANG_WARN_CONSTANT_CONVERSION = YES;
				CLANG_WARN_DIRECT_OBJC_ISA_USAGE = YES_ERROR;
				CLANG_WARN_EMPTY_BODY = YES;
				CLANG_WARN_ENUM_CONVERSION = YES;
				CLANG_WARN_INT_CONVERSION = YES;
				CLANG_WARN_OBJC_ROOT_CLASS = YES_ERROR;
				CLANG_WARN_UNREACHABLE_CODE = YES;
				CLANG_WARN__DUPLICATE_METHOD_MATCH = YES;
				"CODE_SIGN_IDENTITY[sdk=iphoneos*]" = "iPhone Developer";
				COPY_PHASE_STRIP = NO;
				DEBUG_INFORMATION_FORMAT = dwarf;
				ENABLE_STRICT_OBJC_MSGSEND = YES;
				ENABLE_TESTABILITY = YES;
				GCC_C_LANGUAGE_STANDARD = gnu99;
				GCC_DYNAMIC_NO_PIC = NO;
				GCC_NO_COMMON_BLOCKS = YES;
				GCC_OPTIMIZATION_LEVEL = 0;
				GCC_PREPROCESSOR_DEFINITIONS = (
					"DEBUG=1",
					"$(inherited)",
				);
				GCC_WARN_64_TO_32_BIT_CONVERSION = YES;
				GCC_WARN_ABOUT_RETURN_TYPE = YES_ERROR;
				GCC_WARN_UNDECLARED_SELECTOR = YES;
				GCC_WARN_UNINITIALIZED_AUTOS = YES_AGGRESSIVE;
				GCC_WARN_UNUSED_FUNCTION = YES;
				GCC_WARN_UNUSED_VARIABLE = YES;
				IPHONEOS_DEPLOYMENT_TARGET = 9.3;
				MTL_ENABLE_DEBUG_INFO = YES;
				ONLY_ACTIVE_ARCH = YES;
				SDKROOT = iphoneos;
				SWIFT_OPTIMIZATION_LEVEL = "-Onone";
			};
			name = Debug;
		};
		7F5B5B071D63771B00947736 /* Release */ = {
			isa = XCBuildConfiguration;
			buildSettings = {
				ALWAYS_SEARCH_USER_PATHS = NO;
				CLANG_ANALYZER_NONNULL = YES;
				CLANG_CXX_LANGUAGE_STANDARD = "gnu++0x";
				CLANG_CXX_LIBRARY = "libc++";
				CLANG_ENABLE_MODULES = YES;
				CLANG_ENABLE_OBJC_ARC = YES;
				CLANG_WARN_BOOL_CONVERSION = YES;
				CLANG_WARN_CONSTANT_CONVERSION = YES;
				CLANG_WARN_DIRECT_OBJC_ISA_USAGE = YES_ERROR;
				CLANG_WARN_EMPTY_BODY = YES;
				CLANG_WARN_ENUM_CONVERSION = YES;
				CLANG_WARN_INT_CONVERSION = YES;
				CLANG_WARN_OBJC_ROOT_CLASS = YES_ERROR;
				CLANG_WARN_UNREACHABLE_CODE = YES;
				CLANG_WARN__DUPLICATE_METHOD_MATCH = YES;
				"CODE_SIGN_IDENTITY[sdk=iphoneos*]" = "iPhone Developer";
				COPY_PHASE_STRIP = NO;
				DEBUG_INFORMATION_FORMAT = "dwarf-with-dsym";
				ENABLE_NS_ASSERTIONS = NO;
				ENABLE_STRICT_OBJC_MSGSEND = YES;
				GCC_C_LANGUAGE_STANDARD = gnu99;
				GCC_NO_COMMON_BLOCKS = YES;
				GCC_WARN_64_TO_32_BIT_CONVERSION = YES;
				GCC_WARN_ABOUT_RETURN_TYPE = YES_ERROR;
				GCC_WARN_UNDECLARED_SELECTOR = YES;
				GCC_WARN_UNINITIALIZED_AUTOS = YES_AGGRESSIVE;
				GCC_WARN_UNUSED_FUNCTION = YES;
				GCC_WARN_UNUSED_VARIABLE = YES;
				IPHONEOS_DEPLOYMENT_TARGET = 9.3;
				MTL_ENABLE_DEBUG_INFO = NO;
				SDKROOT = iphoneos;
				VALIDATE_PRODUCT = YES;
			};
			name = Release;
		};
		7F5B5B091D63771B00947736 /* Debug */ = {
			isa = XCBuildConfiguration;
			buildSettings = {
				ASSETCATALOG_COMPILER_APPICON_NAME = AppIcon;
				INFOPLIST_FILE = TaskOut/Info.plist;
				LD_RUNPATH_SEARCH_PATHS = "$(inherited) @executable_path/Frameworks";
				PRODUCT_BUNDLE_IDENTIFIER = RW.TaskOut;
				PRODUCT_NAME = "$(TARGET_NAME)";
			};
			name = Debug;
		};
		7F5B5B0A1D63771B00947736 /* Release */ = {
			isa = XCBuildConfiguration;
			buildSettings = {
				ASSETCATALOG_COMPILER_APPICON_NAME = AppIcon;
				INFOPLIST_FILE = TaskOut/Info.plist;
				LD_RUNPATH_SEARCH_PATHS = "$(inherited) @executable_path/Frameworks";
				PRODUCT_BUNDLE_IDENTIFIER = RW.TaskOut;
				PRODUCT_NAME = "$(TARGET_NAME)";
			};
			name = Release;
		};
		7F5B5B0C1D63771B00947736 /* Debug */ = {
			isa = XCBuildConfiguration;
			buildSettings = {
				BUNDLE_LOADER = "$(TEST_HOST)";
				INFOPLIST_FILE = TaskOutTests/Info.plist;
				LD_RUNPATH_SEARCH_PATHS = "$(inherited) @executable_path/Frameworks @loader_path/Frameworks";
				PRODUCT_BUNDLE_IDENTIFIER = RW.TaskOutTests;
				PRODUCT_NAME = "$(TARGET_NAME)";
				TEST_HOST = "$(BUILT_PRODUCTS_DIR)/TaskOut.app/TaskOut";
			};
			name = Debug;
		};
		7F5B5B0D1D63771B00947736 /* Release */ = {
			isa = XCBuildConfiguration;
			buildSettings = {
				BUNDLE_LOADER = "$(TEST_HOST)";
				INFOPLIST_FILE = TaskOutTests/Info.plist;
				LD_RUNPATH_SEARCH_PATHS = "$(inherited) @executable_path/Frameworks @loader_path/Frameworks";
				PRODUCT_BUNDLE_IDENTIFIER = RW.TaskOutTests;
				PRODUCT_NAME = "$(TARGET_NAME)";
				TEST_HOST = "$(BUILT_PRODUCTS_DIR)/TaskOut.app/TaskOut";
			};
			name = Release;
		};
		7F5B5B0F1D63771B00947736 /* Debug */ = {
			isa = XCBuildConfiguration;
			buildSettings = {
				INFOPLIST_FILE = TaskOutUITests/Info.plist;
				LD_RUNPATH_SEARCH_PATHS = "$(inherited) @executable_path/Frameworks @loader_path/Frameworks";
				PRODUCT_BUNDLE_IDENTIFIER = RW.TaskOutUITests;
				PRODUCT_NAME = "$(TARGET_NAME)";
				TEST_TARGET_NAME = TaskOut;
			};
			name = Debug;
		};
		7F5B5B101D63771B00947736 /* Release */ = {
			isa = XCBuildConfiguration;
			buildSettings = {
				INFOPLIST_FILE = TaskOutUITests/Info.plist;
				LD_RUNPATH_SEARCH_PATHS = "$(inherited) @executable_path/Frameworks @loader_path/Frameworks";
				PRODUCT_BUNDLE_IDENTIFIER = RW.TaskOutUITests;
				PRODUCT_NAME = "$(TARGET_NAME)";
				TEST_TARGET_NAME = TaskOut;
			};
			name = Release;
		};
/* End XCBuildConfiguration section */

/* Begin XCConfigurationList section */
		7F5B5ADB1D63771B00947736 /* Build configuration list for PBXProject "TaskOut" */ = {
			isa = XCConfigurationList;
			buildConfigurations = (
				7F5B5B061D63771B00947736 /* Debug */,
				7F5B5B071D63771B00947736 /* Release */,
			);
			defaultConfigurationIsVisible = 0;
			defaultConfigurationName = Release;
		};
		7F5B5B081D63771B00947736 /* Build configuration list for PBXNativeTarget "TaskOut" */ = {
			isa = XCConfigurationList;
			buildConfigurations = (
				7F5B5B091D63771B00947736 /* Debug */,
				7F5B5B0A1D63771B00947736 /* Release */,
			);
			defaultConfigurationIsVisible = 0;
			defaultConfigurationName = Release;
		};
		7F5B5B0B1D63771B00947736 /* Build configuration list for PBXNativeTarget "TaskOutTests" */ = {
			isa = XCConfigurationList;
			buildConfigurations = (
				7F5B5B0C1D63771B00947736 /* Debug */,
				7F5B5B0D1D63771B00947736 /* Release */,
			);
			defaultConfigurationIsVisible = 0;
			defaultConfigurationName = Release;
		};
		7F5B5B0E1D63771B00947736 /* Build configuration list for PBXNativeTarget "TaskOutUITests" */ = {
			isa = XCConfigurationList;
			buildConfigurations = (
				7F5B5B0F1D63771B00947736 /* Debug */,
				7F5B5B101D63771B00947736 /* Release */,
			);
			defaultConfigurationIsVisible = 0;
			defaultConfigurationName = Release;
		};
/* End XCConfigurationList section */

/* Begin XCVersionGroup section */
		7F5B5B111D63782700947736 /* TaskManagerModel.xcdatamodeld */ = {
			isa = XCVersionGroup;
			children = (
				7F5B5B121D63782700947736 /* TaskManagerModel.xcdatamodel */,
			);
			currentVersion = 7F5B5B121D63782700947736 /* TaskManagerModel.xcdatamodel */;
			path = TaskManagerModel.xcdatamodeld;
			sourceTree = "<group>";
			versionGroupType = wrapper.xcdatamodel;
		};
/* End XCVersionGroup section */
	};
	rootObject = 7F5B5AD81D63771B00947736 /* Project object */;
}
